{
  "nodes": {
    "flake-utils": {
      "locked": {
        "lastModified": 1659877975,
        "narHash": "sha256-zllb8aq3YO3h8B/U0/J1WBgAL8EX5yWf5pMj3G0NAmc=",
        "owner": "numtide",
        "repo": "flake-utils",
        "rev": "c0e246b9b83f637f4681389ecabcb2681b4f3af0",
        "type": "github"
      },
      "original": {
        "owner": "numtide",
        "repo": "flake-utils",
        "type": "github"
      }
    },
    "home-manager": {
      "inputs": {
        "nixpkgs": [
          "nixpkgs"
        ],
        "utils": "utils"
      },
      "locked": {
        "lastModified": 1666903647,
        "narHash": "sha256-sFI1Gh9DTGzHnBINondupUGYbe+T0wZcpcZjkW0qffM=",
        "owner": "nix-community",
        "repo": "home-manager",
        "rev": "213a06295dff96668a1d673b9fd1c03ce1de6745",
        "type": "github"
      },
      "original": {
        "owner": "nix-community",
        "ref": "master",
        "repo": "home-manager",
        "type": "github"
      }
    },
    "lcat": {
      "inputs": {
        "flake-utils": "flake-utils",
        "naersk": "naersk",
        "nixpkgs": [
          "nixpkgs"
        ]
      },
      "locked": {
        "lastModified": 1662579244,
        "narHash": "sha256-/knFH2zkKC0J6Wla1g0n7yKag3j38LQW66psRfYrk6U=",
        "owner": "SakulK",
        "repo": "lcat",
        "rev": "29fa6b7d67534c7c59f25edf3b0f57b457949de3",
        "type": "github"
      },
      "original": {
        "owner": "SakulK",
        "ref": "master",
        "repo": "lcat",
        "type": "github"
      }
    },
    "naersk": {
      "inputs": {
        "nixpkgs": "nixpkgs"
      },
      "locked": {
        "lastModified": 1662136632,
        "narHash": "sha256-RwW/aA3ueQPsilQLi7NOfUnn8MgM6WMV+oRpW+nkDMI=",
        "owner": "nix-community",
        "repo": "naersk",
        "rev": "8d2f4d00cb24cda8e5bdd802b827a0eaeff34eec",
        "type": "github"
      },
      "original": {
        "owner": "nix-community",
        "repo": "naersk",
        "type": "github"
      }
    },
    "nixpkgs": {
      "locked": {
        "lastModified": 1662019588,
        "narHash": "sha256-oPEjHKGGVbBXqwwL+UjsveJzghWiWV0n9ogo1X6l4cw=",
        "path": "/nix/store/8x9s4zv7dzmwxmm8lhsxk3nf8lxlh52q-source",
        "rev": "2da64a81275b68fdad38af669afeda43d401e94b",
        "type": "path"
      },
      "original": {
        "id": "nixpkgs",
        "type": "indirect"
      }
    },
    "nixpkgs-stable": {
      "locked": {
        "lastModified": 1666940097,
        "narHash": "sha256-spcDvKqQU9iSMAjh5uj9gfu8Gu7vIFFkOKH2CCWvOVY=",
        "owner": "NixOS",
        "repo": "nixpkgs",
        "rev": "7269939a5d5610f2eec933607dc4d646394b29b8",
        "type": "github"
      },
      "original": {
        "owner": "NixOS",
        "ref": "nixos-22.05",
        "repo": "nixpkgs",
        "type": "github"
      }
    },
    "nixpkgs_2": {
      "locked": {
        "lastModified": 1666959691,
        "narHash": "sha256-TRpWA3t8ata79HOGtFd5dDCl1kJQmIE16PDF53/Hcxo=",
        "owner": "NixOS",
        "repo": "nixpkgs",
        "rev": "448a599c49978c2794401bfc3a2e1fba1a8663be",
        "type": "github"
      },
      "original": {
        "owner": "NixOS",
        "ref": "nixos-unstable",
        "repo": "nixpkgs",
        "type": "github"
      }
    },
    "root": {
      "inputs": {
        "home-manager": "home-manager",
        "lcat": "lcat",
        "nixpkgs": "nixpkgs_2",
        "nixpkgs-stable": "nixpkgs-stable"
      }
    },
    "utils": {
      "locked": {
        "lastModified": 1659877975,
        "narHash": "sha256-zllb8aq3YO3h8B/U0/J1WBgAL8EX5yWf5pMj3G0NAmc=",
        "owner": "numtide",
        "repo": "flake-utils",
        "rev": "c0e246b9b83f637f4681389ecabcb2681b4f3af0",
        "type": "github"
      },
      "original": {
        "owner": "numtide",
        "repo": "flake-utils",
        "type": "github"
      }
    }
  },
  "root": "root",
  "version": 7
}
