{
  "nodes": {
    "flake-utils": {
      "locked": {
        "lastModified": 1659877975,
        "narHash": "sha256-zllb8aq3YO3h8B/U0/J1WBgAL8EX5yWf5pMj3G0NAmc=",
        "owner": "numtide",
        "repo": "flake-utils",
        "rev": "c0e246b9b83f637f4681389ecabcb2681b4f3af0",
        "type": "github"
      },
      "original": {
        "owner": "numtide",
        "repo": "flake-utils",
        "type": "github"
      }
    },
    "flake-utils_2": {
      "locked": {
        "lastModified": 1659877975,
        "narHash": "sha256-zllb8aq3YO3h8B/U0/J1WBgAL8EX5yWf5pMj3G0NAmc=",
        "owner": "numtide",
        "repo": "flake-utils",
        "rev": "c0e246b9b83f637f4681389ecabcb2681b4f3af0",
        "type": "github"
      },
      "original": {
        "owner": "numtide",
        "repo": "flake-utils",
        "type": "github"
      }
    },
    "home-manager": {
      "inputs": {
        "nixpkgs": [
          "nixpkgs"
        ],
        "utils": "utils"
      },
      "locked": {
        "lastModified": 1669328018,
        "narHash": "sha256-aJRMobnNDEXKwoSZFS4hGjGU1WDNxkQ82BVKAEohOfY=",
        "owner": "nix-community",
        "repo": "home-manager",
        "rev": "62cb5bcf93896e4dd6b4507dac7ba2e2e3abc9d7",
        "type": "github"
      },
      "original": {
        "owner": "nix-community",
        "ref": "master",
        "repo": "home-manager",
        "type": "github"
      }
    },
    "lcat": {
      "inputs": {
        "flake-utils": "flake-utils",
        "naersk": "naersk",
        "nixpkgs": [
          "nixpkgs"
        ]
      },
      "locked": {
        "lastModified": 1662579244,
        "narHash": "sha256-/knFH2zkKC0J6Wla1g0n7yKag3j38LQW66psRfYrk6U=",
        "owner": "SakulK",
        "repo": "lcat",
        "rev": "29fa6b7d67534c7c59f25edf3b0f57b457949de3",
        "type": "github"
      },
      "original": {
        "owner": "SakulK",
        "ref": "master",
        "repo": "lcat",
        "type": "github"
      }
    },
    "naersk": {
      "inputs": {
        "nixpkgs": "nixpkgs"
      },
      "locked": {
        "lastModified": 1662136632,
        "narHash": "sha256-RwW/aA3ueQPsilQLi7NOfUnn8MgM6WMV+oRpW+nkDMI=",
        "owner": "nix-community",
        "repo": "naersk",
        "rev": "8d2f4d00cb24cda8e5bdd802b827a0eaeff34eec",
        "type": "github"
      },
      "original": {
        "owner": "nix-community",
        "repo": "naersk",
        "type": "github"
      }
    },
    "nixpkgs": {
      "locked": {
        "lastModified": 1662019588,
        "narHash": "sha256-oPEjHKGGVbBXqwwL+UjsveJzghWiWV0n9ogo1X6l4cw=",
        "path": "/nix/store/8x9s4zv7dzmwxmm8lhsxk3nf8lxlh52q-source",
        "rev": "2da64a81275b68fdad38af669afeda43d401e94b",
        "type": "path"
      },
      "original": {
        "id": "nixpkgs",
        "type": "indirect"
      }
    },
    "nixpkgs-darwin": {
      "locked": {
        "lastModified": 1666610816,
        "narHash": "sha256-q4F2VNe5bpxXOvp16DyLwE1SgNZMbNO29ZQJPIomedg=",
        "owner": "nixos",
        "repo": "nixpkgs",
        "rev": "6107f97012a0c134c5848125b5aa1b149b76d2c9",
        "type": "github"
      },
      "original": {
        "owner": "nixos",
        "ref": "nixpkgs-22.05-darwin",
        "repo": "nixpkgs",
        "type": "github"
      }
    },
    "nixpkgs-non-darwin": {
      "locked": {
        "lastModified": 1669625751,
        "narHash": "sha256-KIT7X/L0h0e5gbvvU3rPsrWsftei6i8obXPlvBYAy1A=",
        "owner": "nixos",
        "repo": "nixpkgs",
        "rev": "cc7ae74d400f29260eab2f48f1f44a10914d0f9c",
        "type": "github"
      },
      "original": {
        "owner": "nixos",
        "ref": "release-22.05",
        "repo": "nixpkgs",
        "type": "github"
      }
    },
    "nixpkgs-stable": {
      "locked": {
        "lastModified": 1669249876,
        "narHash": "sha256-IWuH9FJgwmKyXpea+g1zpn6NImBMSjA1j5HioHQjReY=",
        "owner": "NixOS",
        "repo": "nixpkgs",
        "rev": "68ba2f40991e79a2e4e5c5b242e175a1ad270ab9",
        "type": "github"
      },
      "original": {
        "owner": "NixOS",
        "ref": "nixos-22.05",
        "repo": "nixpkgs",
        "type": "github"
      }
    },
    "nixpkgs_2": {
      "locked": {
        "lastModified": 1669320964,
        "narHash": "sha256-EBFw+ge12Pcr3qCk8If3/eMBAoQLR7ytndXZoRevUtM=",
        "owner": "NixOS",
        "repo": "nixpkgs",
        "rev": "27ccd29078f974ddbdd7edc8e38c8c8ae003c877",
        "type": "github"
      },
      "original": {
        "owner": "NixOS",
        "ref": "nixos-unstable",
        "repo": "nixpkgs",
        "type": "github"
      }
    },
    "root": {
      "inputs": {
        "home-manager": "home-manager",
        "lcat": "lcat",
        "nixpkgs": "nixpkgs_2",
        "nixpkgs-stable": "nixpkgs-stable",
        "unison": "unison"
      }
    },
    "unison": {
      "inputs": {
        "flake-utils": "flake-utils_2",
        "nixpkgs-darwin": "nixpkgs-darwin",
        "nixpkgs-non-darwin": "nixpkgs-non-darwin",
        "unison": "unison_2"
      },
      "locked": {
        "lastModified": 1669655426,
        "narHash": "sha256-lfIeQycfLrAm39R7K74fdLEZ9YINYtbX/8qgpoRmCZE=",
        "owner": "ceedubs",
        "repo": "unison-nix",
        "rev": "b0fd52ea3475f93d0166c547b6797ff900ee8d6b",
        "type": "github"
      },
      "original": {
        "owner": "ceedubs",
        "repo": "unison-nix",
        "type": "github"
      }
    },
    "unison_2": {
      "flake": false,
      "locked": {
        "lastModified": 1666921784,
        "narHash": "sha256-i+sbWbJYljrEiZzckV9IyJtl6kYrAka+bViNL5yLe2M=",
        "owner": "unisonweb",
        "repo": "unison",
        "rev": "9986f14da1e1e07ed86b190d6d2c3625ce8093c5",
        "type": "github"
      },
      "original": {
        "owner": "unisonweb",
        "repo": "unison",
        "type": "github"
      }
    },
    "utils": {
      "locked": {
        "lastModified": 1667395993,
        "narHash": "sha256-nuEHfE/LcWyuSWnS8t12N1wc105Qtau+/OdUAjtQ0rA=",
        "owner": "numtide",
        "repo": "flake-utils",
        "rev": "5aed5285a952e0b949eb3ba02c12fa4fcfef535f",
        "type": "github"
      },
      "original": {
        "owner": "numtide",
        "repo": "flake-utils",
        "type": "github"
      }
    }
  },
  "root": "root",
  "version": 7
}
